
Microsoft Visual Studio Solution File, Format Version 12.00
# Visual Studio Version 17
VisualStudioVersion = 17.13.35931.197
MinimumVisualStudioVersion = 10.0.40219.1
Project("{2150E333-8FDC-42A3-9474-1A3956D46DE8}") = "src", "src", "{02EA681E-C7D8-13C7-8484-4AC65E1B71E8}"
EndProject
Project("{FAE04EC0-301F-11D3-BF4B-00C04F79EFBC}") = "DecoratorDemo.Domain", "src\DecoratorDemo.Domain\DecoratorDemo.Domain.csproj", "{34D67933-D524-43F4-BC3C-69336F5CFEFB}"
EndProject
Project("{FAE04EC0-301F-11D3-BF4B-00C04F79EFBC}") = "DecoratorDemo.Application", "src\DecoratorDemo.Application\DecoratorDemo.Application.csproj", "{5A6D3A68-40F1-4D16-9BAC-9F7D2F4936FB}"
EndProject
Project("{FAE04EC0-301F-11D3-BF4B-00C04F79EFBC}") = "DecoratorDemo.Infrastructure", "src\DecoratorDemo.Infrastructure\DecoratorDemo.Infrastructure.csproj", "{28B9FFE2-62C5-4DC9-A6FA-78AD2609F70C}"
EndProject
Project("{FAE04EC0-301F-11D3-BF4B-00C04F79EFBC}") = "DecoratorDemo.API", "src\DecoratorDemo.API\DecoratorDemo.API.csproj", "{4E3FD353-488F-489E-84CB-CFC2D6E17B7A}"
EndProject
Project("{2150E333-8FDC-42A3-9474-1A3956D46DE8}") = "tests", "tests", "{B9D5F319-514D-449A-9329-6F1ECE1D55E6}"
EndProject
Project("{FAE04EC0-301F-11D3-BF4B-00C04F79EFBC}") = "DecoratorDemo.Application.Tests", "tests\DecoratorDemo.Application.Tests\DecoratorDemo.Application.Tests.csproj", "{E613E844-9434-4854-BA04-431E12697EF0}"
EndProject
Project("{FAE04EC0-301F-11D3-BF4B-00C04F79EFBC}") = "DecoratorDemo.Infrastructure.Tests", "tests\DecoratorDemo.Infrastructure.Tests\DecoratorDemo.Infrastructure.Tests.csproj", "{8FE48A17-F4D5-48D0-8DB4-2B1B10C7E923}"
EndProject
Global
	GlobalSection(SolutionConfigurationPlatforms) = preSolution
		Debug|Any CPU = Debug|Any CPU
		Release|Any CPU = Release|Any CPU
	EndGlobalSection
	GlobalSection(ProjectConfigurationPlatforms) = postSolution
		{34D67933-D524-43F4-BC3C-69336F5CFEFB}.Debug|Any CPU.ActiveCfg = Debug|Any CPU
		{34D67933-D524-43F4-BC3C-69336F5CFEFB}.Debug|Any CPU.Build.0 = Debug|Any CPU
		{34D67933-D524-43F4-BC3C-69336F5CFEFB}.Release|Any CPU.ActiveCfg = Release|Any CPU
		{34D67933-D524-43F4-BC3C-69336F5CFEFB}.Release|Any CPU.Build.0 = Release|Any CPU
		{5A6D3A68-40F1-4D16-9BAC-9F7D2F4936FB}.Debug|Any CPU.ActiveCfg = Debug|Any CPU
		{5A6D3A68-40F1-4D16-9BAC-9F7D2F4936FB}.Debug|Any CPU.Build.0 = Debug|Any CPU
		{5A6D3A68-40F1-4D16-9BAC-9F7D2F4936FB}.Release|Any CPU.ActiveCfg = Release|Any CPU
		{5A6D3A68-40F1-4D16-9BAC-9F7D2F4936FB}.Release|Any CPU.Build.0 = Release|Any CPU
		{28B9FFE2-62C5-4DC9-A6FA-78AD2609F70C}.Debug|Any CPU.ActiveCfg = Debug|Any CPU
		{28B9FFE2-62C5-4DC9-A6FA-78AD2609F70C}.Debug|Any CPU.Build.0 = Debug|Any CPU
		{28B9FFE2-62C5-4DC9-A6FA-78AD2609F70C}.Release|Any CPU.ActiveCfg = Release|Any CPU
		{28B9FFE2-62C5-4DC9-A6FA-78AD2609F70C}.Release|Any CPU.Build.0 = Release|Any CPU
		{4E3FD353-488F-489E-84CB-CFC2D6E17B7A}.Debug|Any CPU.ActiveCfg = Debug|Any CPU
		{4E3FD353-488F-489E-84CB-CFC2D6E17B7A}.Debug|Any CPU.Build.0 = Debug|Any CPU
		{4E3FD353-488F-489E-84CB-CFC2D6E17B7A}.Release|Any CPU.ActiveCfg = Release|Any CPU
		{4E3FD353-488F-489E-84CB-CFC2D6E17B7A}.Release|Any CPU.Build.0 = Release|Any CPU
		{E613E844-9434-4854-BA04-431E12697EF0}.Debug|Any CPU.ActiveCfg = Debug|Any CPU
		{E613E844-9434-4854-BA04-431E12697EF0}.Debug|Any CPU.Build.0 = Debug|Any CPU
		{E613E844-9434-4854-BA04-431E12697EF0}.Release|Any CPU.ActiveCfg = Release|Any CPU
		{E613E844-9434-4854-BA04-431E12697EF0}.Release|Any CPU.Build.0 = Release|Any CPU
		{8FE48A17-F4D5-48D0-8DB4-2B1B10C7E923}.Debug|Any CPU.ActiveCfg = Debug|Any CPU
		{8FE48A17-F4D5-48D0-8DB4-2B1B10C7E923}.Debug|Any CPU.Build.0 = Debug|Any CPU
		{8FE48A17-F4D5-48D0-8DB4-2B1B10C7E923}.Release|Any CPU.ActiveCfg = Release|Any CPU
		{8FE48A17-F4D5-48D0-8DB4-2B1B10C7E923}.Release|Any CPU.Build.0 = Release|Any CPU
	EndGlobalSection
	GlobalSection(SolutionProperties) = preSolution
		HideSolutionNode = FALSE
	EndGlobalSection
	GlobalSection(NestedProjects) = preSolution
		{34D67933-D524-43F4-BC3C-69336F5CFEFB} = {02EA681E-C7D8-13C7-8484-4AC65E1B71E8}
		{5A6D3A68-40F1-4D16-9BAC-9F7D2F4936FB} = {02EA681E-C7D8-13C7-8484-4AC65E1B71E8}
		{28B9FFE2-62C5-4DC9-A6FA-78AD2609F70C} = {02EA681E-C7D8-13C7-8484-4AC65E1B71E8}
		{4E3FD353-488F-489E-84CB-CFC2D6E17B7A} = {02EA681E-C7D8-13C7-8484-4AC65E1B71E8}
		{E613E844-9434-4854-BA04-431E12697EF0} = {B9D5F319-514D-449A-9329-6F1ECE1D55E6}
		{8FE48A17-F4D5-48D0-8DB4-2B1B10C7E923} = {B9D5F319-514D-449A-9329-6F1ECE1D55E6}
	EndGlobalSection
	GlobalSection(ExtensibilityGlobals) = postSolution
		SolutionGuid = {7A52ECD0-98CB-4196-BB53-8F938A3C452E}
	EndGlobalSection
EndGlobal
